{
  "version": 4,
  "terraform_version": "1.14.7",
  "serial": 1,
  "lineage": "4571c50d-7789-b39c-1621-1a4ad7f821e3",
  "outputs": {},
  "resources": [
    {
      "mode": "managed",
      "type": "local_file",
      "name": "deployment_info",
      "provider": "provider[\"registry.terraform.io/hashicorp/local\"]",
      "instances": [
        {
          "schema_version": 0,
          "attributes": {
            "content": "Static website infrastructure simulation completed using Terraform.",
            "content_base64": null,
            "content_base64sha256": "M5oZsCzF999l02qeiiujyu9z+ii73W9INwOcpo4LV/0=",
            "content_base64sha512": "rX2+pID8xhUM8t414pR5lJNfjeTrdWGmMvllyxKlFDT8DFQYkzu/sPA2MVOHpwLyEP9gYARIz+n8bYdQLr5jHg==",
            "content_md5": "495ab41ea43990929b3f9ee5e09f7dd0",
            "content_sha1": "d3e37147f5d4340e9868f7f4f2b0bd1f5336395d",
            "content_sha256": "339a19b02cc5f7df65d36a9e8a2ba3caef73fa28bbdd6f4837039ca68e0b57fd",
            "content_sha512": "ad7dbea480fcc6150cf2de35e2947994935f8de4eb7561a632f965cb12a51434fc0c5418933bbfb0f036315387a702f210ff60600448cfe9fc6d87502ebe631e",
            "directory_permission": "0777",
            "file_permission": "0777",
            "filename": "deployment.txt",
            "id": "d3e37147f5d4340e9868f7f4f2b0bd1f5336395d",
            "sensitive_content": null,
            "source": null
          },
          "sensitive_attributes": [
            [
              {
                "type": "get_attr",
                "value": "sensitive_content"
              }
            ]
          ],
          "identity_schema_version": 0
        }
      ]
    }
  ],
  "check_results": null
}
